
Microsoft Visual Studio Solution File, Format Version 12.00
# Visual Studio Version 16
VisualStudioVersion = 16.0.30204.135
MinimumVisualStudioVersion = 10.0.40219.1
Project("{FAE04EC0-301F-11D3-BF4B-00C04F79EFBC}") = "EteyeloFullStack_Test", "EteyeloFullStack_Test\EteyeloFullStack_Test.csproj", "{30CA296D-C620-44F5-B880-C1730D986CE6}"
EndProject
Global
	GlobalSection(SolutionConfigurationPlatforms) = preSolution
		Debug|Any CPU = Debug|Any CPU
		Release|Any CPU = Release|Any CPU
	EndGlobalSection
	GlobalSection(ProjectConfigurationPlatforms) = postSolution
		{30CA296D-C620-44F5-B880-C1730D986CE6}.Debug|Any CPU.ActiveCfg = Debug|Any CPU
		{30CA296D-C620-44F5-B880-C1730D986CE6}.Debug|Any CPU.Build.0 = Debug|Any CPU
		{30CA296D-C620-44F5-B880-C1730D986CE6}.Release|Any CPU.ActiveCfg = Release|Any CPU
		{30CA296D-C620-44F5-B880-C1730D986CE6}.Release|Any CPU.Build.0 = Release|Any CPU
	EndGlobalSection
	GlobalSection(SolutionProperties) = preSolution
		HideSolutionNode = FALSE
	EndGlobalSection
	GlobalSection(ExtensibilityGlobals) = postSolution
		SolutionGuid = {993E065E-565A-429B-95A2-88B635360CCE}
	EndGlobalSection
EndGlobal
